
Microsoft Visual Studio Solution File, Format Version 12.00
# Visual Studio Version 17
VisualStudioVersion = 17.3.32929.385
MinimumVisualStudioVersion = 10.0.40219.1
Project("{FAE04EC0-301F-11D3-BF4B-00C04F79EFBC}") = "Models", "Models\Models.csproj", "{C2EFE875-F71B-47CF-B2FA-1D679052DF13}"
EndProject
Project("{FAE04EC0-301F-11D3-BF4B-00C04F79EFBC}") = "DAL", "DAL\DAL.csproj", "{9DC6E68E-7BF4-436A-A56D-ECC691DA6447}"
EndProject
Project("{FAE04EC0-301F-11D3-BF4B-00C04F79EFBC}") = "BLL", "BLL\BLL.csproj", "{7C832B6F-F16A-41AB-AF5E-05DD2FB6004B}"
EndProject
Project("{FAE04EC0-301F-11D3-BF4B-00C04F79EFBC}") = "UITerminalWindows", "UITerminalWindows\UITerminalWindows.csproj", "{752BBA50-DCD2-4140-B0A7-F810515F858F}"
EndProject
Global
	GlobalSection(SolutionConfigurationPlatforms) = preSolution
		Debug|Any CPU = Debug|Any CPU
		Release|Any CPU = Release|Any CPU
	EndGlobalSection
	GlobalSection(ProjectConfigurationPlatforms) = postSolution
		{C2EFE875-F71B-47CF-B2FA-1D679052DF13}.Debug|Any CPU.ActiveCfg = Debug|Any CPU
		{C2EFE875-F71B-47CF-B2FA-1D679052DF13}.Debug|Any CPU.Build.0 = Debug|Any CPU
		{C2EFE875-F71B-47CF-B2FA-1D679052DF13}.Release|Any CPU.ActiveCfg = Release|Any CPU
		{C2EFE875-F71B-47CF-B2FA-1D679052DF13}.Release|Any CPU.Build.0 = Release|Any CPU
		{9DC6E68E-7BF4-436A-A56D-ECC691DA6447}.Debug|Any CPU.ActiveCfg = Debug|Any CPU
		{9DC6E68E-7BF4-436A-A56D-ECC691DA6447}.Debug|Any CPU.Build.0 = Debug|Any CPU
		{9DC6E68E-7BF4-436A-A56D-ECC691DA6447}.Release|Any CPU.ActiveCfg = Release|Any CPU
		{9DC6E68E-7BF4-436A-A56D-ECC691DA6447}.Release|Any CPU.Build.0 = Release|Any CPU
		{7C832B6F-F16A-41AB-AF5E-05DD2FB6004B}.Debug|Any CPU.ActiveCfg = Debug|Any CPU
		{7C832B6F-F16A-41AB-AF5E-05DD2FB6004B}.Debug|Any CPU.Build.0 = Debug|Any CPU
		{7C832B6F-F16A-41AB-AF5E-05DD2FB6004B}.Release|Any CPU.ActiveCfg = Release|Any CPU
		{7C832B6F-F16A-41AB-AF5E-05DD2FB6004B}.Release|Any CPU.Build.0 = Release|Any CPU
		{752BBA50-DCD2-4140-B0A7-F810515F858F}.Debug|Any CPU.ActiveCfg = Debug|Any CPU
		{752BBA50-DCD2-4140-B0A7-F810515F858F}.Debug|Any CPU.Build.0 = Debug|Any CPU
		{752BBA50-DCD2-4140-B0A7-F810515F858F}.Release|Any CPU.ActiveCfg = Release|Any CPU
		{752BBA50-DCD2-4140-B0A7-F810515F858F}.Release|Any CPU.Build.0 = Release|Any CPU
	EndGlobalSection
	GlobalSection(SolutionProperties) = preSolution
		HideSolutionNode = FALSE
	EndGlobalSection
	GlobalSection(ExtensibilityGlobals) = postSolution
		SolutionGuid = {4075D965-1FF0-47F5-B532-C3BF905F1E94}
	EndGlobalSection
EndGlobal
